
Microsoft Visual Studio Solution File, Format Version 12.00
# Visual Studio Version 17
VisualStudioVersion = 17.7.34031.279
MinimumVisualStudioVersion = 10.0.40219.1
Project("{FAE04EC0-301F-11D3-BF4B-00C04F79EFBC}") = "problem3", "problem3.csproj", "{CEDE3DA8-7AC2-43FC-AED7-7AFC8C68762D}"
EndProject
Global
	GlobalSection(SolutionConfigurationPlatforms) = preSolution
		Debug|Any CPU = Debug|Any CPU
		Release|Any CPU = Release|Any CPU
	EndGlobalSection
	GlobalSection(ProjectConfigurationPlatforms) = postSolution
		{CEDE3DA8-7AC2-43FC-AED7-7AFC8C68762D}.Debug|Any CPU.ActiveCfg = Debug|Any CPU
		{CEDE3DA8-7AC2-43FC-AED7-7AFC8C68762D}.Debug|Any CPU.Build.0 = Debug|Any CPU
		{CEDE3DA8-7AC2-43FC-AED7-7AFC8C68762D}.Release|Any CPU.ActiveCfg = Release|Any CPU
		{CEDE3DA8-7AC2-43FC-AED7-7AFC8C68762D}.Release|Any CPU.Build.0 = Release|Any CPU
	EndGlobalSection
	GlobalSection(SolutionProperties) = preSolution
		HideSolutionNode = FALSE
	EndGlobalSection
	GlobalSection(ExtensibilityGlobals) = postSolution
		SolutionGuid = {1753D5E3-72C2-4CE4-AA23-CAB5C6958248}
	EndGlobalSection
EndGlobal
