
Microsoft Visual Studio Solution File, Format Version 12.00
# Visual Studio Version 17
VisualStudioVersion = 17.7.34031.279
MinimumVisualStudioVersion = 10.0.40219.1
Project("{FAE04EC0-301F-11D3-BF4B-00C04F79EFBC}") = "acmp252", "acmp252.csproj", "{BA5ACAAF-0F2E-4FF7-9E0E-CDA25E7A730E}"
EndProject
Global
	GlobalSection(SolutionConfigurationPlatforms) = preSolution
		Debug|Any CPU = Debug|Any CPU
		Release|Any CPU = Release|Any CPU
	EndGlobalSection
	GlobalSection(ProjectConfigurationPlatforms) = postSolution
		{BA5ACAAF-0F2E-4FF7-9E0E-CDA25E7A730E}.Debug|Any CPU.ActiveCfg = Debug|Any CPU
		{BA5ACAAF-0F2E-4FF7-9E0E-CDA25E7A730E}.Debug|Any CPU.Build.0 = Debug|Any CPU
		{BA5ACAAF-0F2E-4FF7-9E0E-CDA25E7A730E}.Release|Any CPU.ActiveCfg = Release|Any CPU
		{BA5ACAAF-0F2E-4FF7-9E0E-CDA25E7A730E}.Release|Any CPU.Build.0 = Release|Any CPU
	EndGlobalSection
	GlobalSection(SolutionProperties) = preSolution
		HideSolutionNode = FALSE
	EndGlobalSection
	GlobalSection(ExtensibilityGlobals) = postSolution
		SolutionGuid = {12FEDA75-1456-42EA-994F-1C2ECA62404B}
	EndGlobalSection
EndGlobal
