
Microsoft Visual Studio Solution File, Format Version 12.00
# Visual Studio Version 17
VisualStudioVersion = 17.6.33829.357
MinimumVisualStudioVersion = 10.0.40219.1
Project("{8BC9CEB8-8B4A-11D0-8D11-00A0C91BC942}") = "leetcode_145_cpp", "leetcode_145_cpp.vcxproj", "{E5AC528E-12B3-4BA1-876A-D91C00292EF9}"
EndProject
Global
	GlobalSection(SolutionConfigurationPlatforms) = preSolution
		Debug|x64 = Debug|x64
		Debug|x86 = Debug|x86
		Release|x64 = Release|x64
		Release|x86 = Release|x86
	EndGlobalSection
	GlobalSection(ProjectConfigurationPlatforms) = postSolution
		{E5AC528E-12B3-4BA1-876A-D91C00292EF9}.Debug|x64.ActiveCfg = Debug|x64
		{E5AC528E-12B3-4BA1-876A-D91C00292EF9}.Debug|x64.Build.0 = Debug|x64
		{E5AC528E-12B3-4BA1-876A-D91C00292EF9}.Debug|x86.ActiveCfg = Debug|Win32
		{E5AC528E-12B3-4BA1-876A-D91C00292EF9}.Debug|x86.Build.0 = Debug|Win32
		{E5AC528E-12B3-4BA1-876A-D91C00292EF9}.Release|x64.ActiveCfg = Release|x64
		{E5AC528E-12B3-4BA1-876A-D91C00292EF9}.Release|x64.Build.0 = Release|x64
		{E5AC528E-12B3-4BA1-876A-D91C00292EF9}.Release|x86.ActiveCfg = Release|Win32
		{E5AC528E-12B3-4BA1-876A-D91C00292EF9}.Release|x86.Build.0 = Release|Win32
	EndGlobalSection
	GlobalSection(SolutionProperties) = preSolution
		HideSolutionNode = FALSE
	EndGlobalSection
	GlobalSection(ExtensibilityGlobals) = postSolution
		SolutionGuid = {D73D10DE-2759-424D-A92C-4CED3640E839}
	EndGlobalSection
EndGlobal
