
Microsoft Visual Studio Solution File, Format Version 12.00
# Visual Studio Version 16
VisualStudioVersion = 25.0.1706.6
MinimumVisualStudioVersion = 10.0.40219.1
Project("{FAE04EC0-301F-11D3-BF4B-00C04F79EFBC}") = "leetcode_15_csharp", "leetcode_15_csharp\leetcode_15_csharp.csproj", "{0FD6183A-655E-49EE-8180-791D93995F56}"
EndProject
Global
	GlobalSection(SolutionConfigurationPlatforms) = preSolution
		Debug|Any CPU = Debug|Any CPU
		Release|Any CPU = Release|Any CPU
	EndGlobalSection
	GlobalSection(ProjectConfigurationPlatforms) = postSolution
		{0FD6183A-655E-49EE-8180-791D93995F56}.Debug|Any CPU.ActiveCfg = Debug|Any CPU
		{0FD6183A-655E-49EE-8180-791D93995F56}.Debug|Any CPU.Build.0 = Debug|Any CPU
		{0FD6183A-655E-49EE-8180-791D93995F56}.Release|Any CPU.ActiveCfg = Release|Any CPU
		{0FD6183A-655E-49EE-8180-791D93995F56}.Release|Any CPU.Build.0 = Release|Any CPU
	EndGlobalSection
	GlobalSection(SolutionProperties) = preSolution
		HideSolutionNode = FALSE
	EndGlobalSection
	GlobalSection(ExtensibilityGlobals) = postSolution
		SolutionGuid = {B0732395-AB7E-4BD0-9E8E-3B54F20B51CF}
	EndGlobalSection
EndGlobal
